
Microsoft Visual Studio Solution File, Format Version 12.00
# Visual Studio 15
<<<<<<< HEAD
Project("{FAE04EC0-301F-11D3-BF4B-00C04F79EFBC}") = "Unity.Timeline", "Unity.Timeline.csproj", "{4CAB555B-45EF-FC68-FB92-F4D3EFF7628E}"
EndProject
Project("{FAE04EC0-301F-11D3-BF4B-00C04F79EFBC}") = "Unity.PlasticSCM.Editor", "Unity.PlasticSCM.Editor.csproj", "{F34F753F-567B-BED1-CB4B-20AE4573E2AC}"
EndProject
Project("{FAE04EC0-301F-11D3-BF4B-00C04F79EFBC}") = "Unity.2D.Aseprite.Editor", "Unity.2D.Aseprite.Editor.csproj", "{441DB650-DA05-9F45-A7F6-DF5660D03758}"
EndProject
Project("{FAE04EC0-301F-11D3-BF4B-00C04F79EFBC}") = "Unity.Mathematics", "Unity.Mathematics.csproj", "{5CF72D1F-5999-B8CB-7343-85A00DD83CC1}"
EndProject
Project("{FAE04EC0-301F-11D3-BF4B-00C04F79EFBC}") = "Unity.Timeline.Editor", "Unity.Timeline.Editor.csproj", "{D373F55D-B5C6-9D82-A6FD-EBBE89D21BD5}"
EndProject
Project("{FAE04EC0-301F-11D3-BF4B-00C04F79EFBC}") = "Unity.2D.Psdimporter.Editor", "Unity.2D.Psdimporter.Editor.csproj", "{D36A58FD-6225-2D33-039F-D8262B86EA7E}"
EndProject
Project("{FAE04EC0-301F-11D3-BF4B-00C04F79EFBC}") = "Unity.Collections", "Unity.Collections.csproj", "{FC5CB934-F3C5-713D-D6D6-BA1734902522}"
EndProject
Project("{FAE04EC0-301F-11D3-BF4B-00C04F79EFBC}") = "Unity.2D.IK.Runtime", "Unity.2D.IK.Runtime.csproj", "{A3B97BA7-D65D-FB56-F5FF-C8D52C5DEFC3}"
EndProject
Project("{FAE04EC0-301F-11D3-BF4B-00C04F79EFBC}") = "Unity.VisualScripting.Core.Editor", "Unity.VisualScripting.Core.Editor.csproj", "{EA17ECBA-D146-0E8E-AD5A-B13C1AF6D50A}"
EndProject
Project("{FAE04EC0-301F-11D3-BF4B-00C04F79EFBC}") = "Unity.PerformanceTesting.Editor", "Unity.PerformanceTesting.Editor.csproj", "{F2159768-D133-D23F-E153-088606A3084E}"
EndProject
Project("{FAE04EC0-301F-11D3-BF4B-00C04F79EFBC}") = "Unity.Burst", "Unity.Burst.csproj", "{E7242232-A254-0A5D-873B-E7C90C49B732}"
EndProject
Project("{FAE04EC0-301F-11D3-BF4B-00C04F79EFBC}") = "Unity.VisualScripting.Flow.Editor", "Unity.VisualScripting.Flow.Editor.csproj", "{3CE20807-5FC9-8F6B-C0AF-A07520E3EA27}"
EndProject
Project("{FAE04EC0-301F-11D3-BF4B-00C04F79EFBC}") = "Unity.2D.SpriteShape.Editor", "Unity.2D.SpriteShape.Editor.csproj", "{051A0CAD-B425-C9C3-2A32-9AF4FCFCCA89}"
EndProject
Project("{FAE04EC0-301F-11D3-BF4B-00C04F79EFBC}") = "Unity.VisualStudio.Editor", "Unity.VisualStudio.Editor.csproj", "{3B34B6D2-6527-D8B7-9AC4-98E25EAFE647}"
EndProject
Project("{FAE04EC0-301F-11D3-BF4B-00C04F79EFBC}") = "Unity.InputSystem", "Unity.InputSystem.csproj", "{3E0699B0-CDAC-B2F6-9102-AA69D2F3026B}"
EndProject
Project("{FAE04EC0-301F-11D3-BF4B-00C04F79EFBC}") = "Unity.2D.Animation.Editor", "Unity.2D.Animation.Editor.csproj", "{5EB87898-3292-6E4B-5592-79E3F82C65FF}"
EndProject
Project("{FAE04EC0-301F-11D3-BF4B-00C04F79EFBC}") = "Unity.Searcher.Editor", "Unity.Searcher.Editor.csproj", "{2BD01B0C-BBBF-9FD4-B53E-3D1B1CC5F8B0}"
EndProject
Project("{FAE04EC0-301F-11D3-BF4B-00C04F79EFBC}") = "Unity.2D.SpriteShape.Runtime", "Unity.2D.SpriteShape.Runtime.csproj", "{8EFC4A03-C469-6E76-DA93-9ED99B7A7C98}"
EndProject
Project("{FAE04EC0-301F-11D3-BF4B-00C04F79EFBC}") = "Unity.VisualScripting.Core", "Unity.VisualScripting.Core.csproj", "{68B71DAD-4D3C-AC72-2F9B-867F0BE0784F}"
EndProject
Project("{FAE04EC0-301F-11D3-BF4B-00C04F79EFBC}") = "Unity.CollabProxy.Editor", "Unity.CollabProxy.Editor.csproj", "{319D74B0-4FDA-C5F7-E561-F314D686DA71}"
EndProject
Project("{FAE04EC0-301F-11D3-BF4B-00C04F79EFBC}") = "Unity.VisualScripting.State.Editor", "Unity.VisualScripting.State.Editor.csproj", "{BB7764B2-1F11-146C-7141-7699F0C71336}"
EndProject
Project("{FAE04EC0-301F-11D3-BF4B-00C04F79EFBC}") = "Unity.Burst.CodeGen", "Unity.Burst.CodeGen.csproj", "{4A7C13F8-2B21-3EBB-E95C-6487E05A4B78}"
EndProject
Project("{FAE04EC0-301F-11D3-BF4B-00C04F79EFBC}") = "Unity.VisualScripting.Flow", "Unity.VisualScripting.Flow.csproj", "{597C32D4-D97E-C6E6-F2C1-712A9958A5DB}"
EndProject
Project("{FAE04EC0-301F-11D3-BF4B-00C04F79EFBC}") = "Assembly-CSharp", "Assembly-CSharp.csproj", "{A41B7E9E-73C4-CF0F-C3AC-B86055967892}"
EndProject
Project("{FAE04EC0-301F-11D3-BF4B-00C04F79EFBC}") = "Unity.PerformanceTesting", "Unity.PerformanceTesting.csproj", "{224A87F4-6ED0-A3F1-047A-78C52B2D5532}"
EndProject
Project("{FAE04EC0-301F-11D3-BF4B-00C04F79EFBC}") = "Unity.2D.Tilemap.Extras.Editor", "Unity.2D.Tilemap.Extras.Editor.csproj", "{CC9712AA-0FFC-0ED8-745E-88B8C8A8E158}"
EndProject
Project("{FAE04EC0-301F-11D3-BF4B-00C04F79EFBC}") = "PsdPlugin", "PsdPlugin.csproj", "{C19D9D14-C981-13C3-EA93-5C9505F2943D}"
EndProject
Project("{FAE04EC0-301F-11D3-BF4B-00C04F79EFBC}") = "Unity.2D.IK.Editor", "Unity.2D.IK.Editor.csproj", "{49BE19C1-65A0-64B3-DFFB-1DDD9D4FF1F1}"
EndProject
Project("{FAE04EC0-301F-11D3-BF4B-00C04F79EFBC}") = "Unity.InternalAPIEngineBridge.001", "Unity.InternalAPIEngineBridge.001.csproj", "{599F8E9E-62B9-D3FB-CC48-98EBF6822454}"
EndProject
Project("{FAE04EC0-301F-11D3-BF4B-00C04F79EFBC}") = "Unity.2D.Aseprite.Common", "Unity.2D.Aseprite.Common.csproj", "{2BC6090A-B3E4-7D7F-5625-E0D33140E54B}"
EndProject
Project("{FAE04EC0-301F-11D3-BF4B-00C04F79EFBC}") = "Unity.Burst.Editor", "Unity.Burst.Editor.csproj", "{8D8F6233-DF30-47CD-81D2-32673371863E}"
EndProject
Project("{FAE04EC0-301F-11D3-BF4B-00C04F79EFBC}") = "Unity.2D.Common.Path.Editor", "Unity.2D.Common.Path.Editor.csproj", "{57E06733-9D07-F883-7BD2-E6649232133A}"
EndProject
Project("{FAE04EC0-301F-11D3-BF4B-00C04F79EFBC}") = "Unity.2D.Common.Editor", "Unity.2D.Common.Editor.csproj", "{C8980B0F-6E1B-2CA7-BDA1-67D2DDDBD482}"
EndProject
Project("{FAE04EC0-301F-11D3-BF4B-00C04F79EFBC}") = "Unity.Rider.Editor", "Unity.Rider.Editor.csproj", "{8F16C739-D02A-D9C6-F75A-1F65E99CC599}"
EndProject
Project("{FAE04EC0-301F-11D3-BF4B-00C04F79EFBC}") = "Unity.VisualScripting.State", "Unity.VisualScripting.State.csproj", "{CDA0D268-36BD-C601-7E95-DCAA9BD04A21}"
EndProject
Project("{FAE04EC0-301F-11D3-BF4B-00C04F79EFBC}") = "Unity.InternalAPIEditorBridge.001", "Unity.InternalAPIEditorBridge.001.csproj", "{8D4B8357-797D-74C8-0043-5D901216785C}"
EndProject
Project("{FAE04EC0-301F-11D3-BF4B-00C04F79EFBC}") = "Unity.2D.PixelPerfect.Editor", "Unity.2D.PixelPerfect.Editor.csproj", "{1001682E-1756-C3E9-1D5A-385FCB3F3516}"
EndProject
Project("{FAE04EC0-301F-11D3-BF4B-00C04F79EFBC}") = "Unity.InputSystem.ForUI", "Unity.InputSystem.ForUI.csproj", "{16DA1A33-34EB-5799-5CBF-FD92C38C15C7}"
EndProject
Project("{FAE04EC0-301F-11D3-BF4B-00C04F79EFBC}") = "Unity.Collections.CodeGen", "Unity.Collections.CodeGen.csproj", "{D01F08CB-ED7D-2A45-0AD2-B3002032DC20}"
EndProject
Project("{FAE04EC0-301F-11D3-BF4B-00C04F79EFBC}") = "Unity.2D.Tilemap.Extras", "Unity.2D.Tilemap.Extras.csproj", "{CB348910-4F7F-3829-60F9-30D259766789}"
EndProject
Project("{FAE04EC0-301F-11D3-BF4B-00C04F79EFBC}") = "Unity.2D.Animation.Runtime", "Unity.2D.Animation.Runtime.csproj", "{2C3DB9CF-9B16-1799-1DC2-CB0E28F4AF43}"
EndProject
Project("{FAE04EC0-301F-11D3-BF4B-00C04F79EFBC}") = "Unity.Mathematics.Editor", "Unity.Mathematics.Editor.csproj", "{D8A12D3F-1BB4-F138-4275-0B0A5C971009}"
EndProject
Project("{FAE04EC0-301F-11D3-BF4B-00C04F79EFBC}") = "Unity.VisualScripting.SettingsProvider.Editor", "Unity.VisualScripting.SettingsProvider.Editor.csproj", "{CE673D88-1719-22C0-1A1C-6462CFECE5CE}"
EndProject
Project("{FAE04EC0-301F-11D3-BF4B-00C04F79EFBC}") = "Unity.InputSystem.TestFramework", "Unity.InputSystem.TestFramework.csproj", "{BB962780-A6C3-01DF-9B5C-6500A252292B}"
EndProject
Project("{FAE04EC0-301F-11D3-BF4B-00C04F79EFBC}") = "Unity.VisualScripting.Shared.Editor", "Unity.VisualScripting.Shared.Editor.csproj", "{5C246415-D6CB-E9AF-FBD0-84496DA04FA2}"
EndProject
Project("{FAE04EC0-301F-11D3-BF4B-00C04F79EFBC}") = "Unity.2D.Common.Runtime", "Unity.2D.Common.Runtime.csproj", "{69A25DA6-25CD-3F79-2A9C-32A853DD42D7}"
EndProject
Project("{FAE04EC0-301F-11D3-BF4B-00C04F79EFBC}") = "Unity.2D.PixelPerfect", "Unity.2D.PixelPerfect.csproj", "{2A8859C7-D336-E9ED-E3C6-38F5AF22025C}"
EndProject
Project("{FAE04EC0-301F-11D3-BF4B-00C04F79EFBC}") = "Unity.InputSystem.DocCodeSamples", "Unity.InputSystem.DocCodeSamples.csproj", "{91522362-6193-2B9A-044B-F72E284954CF}"
EndProject
Project("{FAE04EC0-301F-11D3-BF4B-00C04F79EFBC}") = "ScriptablePacker", "ScriptablePacker.csproj", "{9094EC0B-110F-12B0-E60A-730FA0FF6DEB}"
EndProject
Project("{FAE04EC0-301F-11D3-BF4B-00C04F79EFBC}") = "Unity.Collections.Editor", "Unity.Collections.Editor.csproj", "{7AFFEAB0-FFC1-947B-8F8B-C0A40FBB1400}"
EndProject
=======
Project("{FAE04EC0-301F-11D3-BF4B-00C04F79EFBC}") = "Assembly-CSharp", "Assembly-CSharp.csproj", "{A41B7E9E-73C4-CF0F-C3AC-B86055967892}"
EndProject
>>>>>>> 0380ca6ac4da8b7ac4de79fd74d238bd5e15aaa2
Global
	GlobalSection(SolutionConfigurationPlatforms) = preSolution
		Debug|Any CPU = Debug|Any CPU
		Release|Any CPU = Release|Any CPU
	EndGlobalSection
	GlobalSection(ProjectConfigurationPlatforms) = postSolution
<<<<<<< HEAD
		{4CAB555B-45EF-FC68-FB92-F4D3EFF7628E}.Debug|Any CPU.ActiveCfg = Debug|Any CPU
		{4CAB555B-45EF-FC68-FB92-F4D3EFF7628E}.Debug|Any CPU.Build.0 = Debug|Any CPU
		{4CAB555B-45EF-FC68-FB92-F4D3EFF7628E}.Release|Any CPU.ActiveCfg = Release|Any CPU
		{4CAB555B-45EF-FC68-FB92-F4D3EFF7628E}.Release|Any CPU.Build.0 = Release|Any CPU
		{F34F753F-567B-BED1-CB4B-20AE4573E2AC}.Debug|Any CPU.ActiveCfg = Debug|Any CPU
		{F34F753F-567B-BED1-CB4B-20AE4573E2AC}.Debug|Any CPU.Build.0 = Debug|Any CPU
		{F34F753F-567B-BED1-CB4B-20AE4573E2AC}.Release|Any CPU.ActiveCfg = Release|Any CPU
		{F34F753F-567B-BED1-CB4B-20AE4573E2AC}.Release|Any CPU.Build.0 = Release|Any CPU
		{441DB650-DA05-9F45-A7F6-DF5660D03758}.Debug|Any CPU.ActiveCfg = Debug|Any CPU
		{441DB650-DA05-9F45-A7F6-DF5660D03758}.Debug|Any CPU.Build.0 = Debug|Any CPU
		{441DB650-DA05-9F45-A7F6-DF5660D03758}.Release|Any CPU.ActiveCfg = Release|Any CPU
		{441DB650-DA05-9F45-A7F6-DF5660D03758}.Release|Any CPU.Build.0 = Release|Any CPU
		{5CF72D1F-5999-B8CB-7343-85A00DD83CC1}.Debug|Any CPU.ActiveCfg = Debug|Any CPU
		{5CF72D1F-5999-B8CB-7343-85A00DD83CC1}.Debug|Any CPU.Build.0 = Debug|Any CPU
		{5CF72D1F-5999-B8CB-7343-85A00DD83CC1}.Release|Any CPU.ActiveCfg = Release|Any CPU
		{5CF72D1F-5999-B8CB-7343-85A00DD83CC1}.Release|Any CPU.Build.0 = Release|Any CPU
		{D373F55D-B5C6-9D82-A6FD-EBBE89D21BD5}.Debug|Any CPU.ActiveCfg = Debug|Any CPU
		{D373F55D-B5C6-9D82-A6FD-EBBE89D21BD5}.Debug|Any CPU.Build.0 = Debug|Any CPU
		{D373F55D-B5C6-9D82-A6FD-EBBE89D21BD5}.Release|Any CPU.ActiveCfg = Release|Any CPU
		{D373F55D-B5C6-9D82-A6FD-EBBE89D21BD5}.Release|Any CPU.Build.0 = Release|Any CPU
		{D36A58FD-6225-2D33-039F-D8262B86EA7E}.Debug|Any CPU.ActiveCfg = Debug|Any CPU
		{D36A58FD-6225-2D33-039F-D8262B86EA7E}.Debug|Any CPU.Build.0 = Debug|Any CPU
		{D36A58FD-6225-2D33-039F-D8262B86EA7E}.Release|Any CPU.ActiveCfg = Release|Any CPU
		{D36A58FD-6225-2D33-039F-D8262B86EA7E}.Release|Any CPU.Build.0 = Release|Any CPU
		{FC5CB934-F3C5-713D-D6D6-BA1734902522}.Debug|Any CPU.ActiveCfg = Debug|Any CPU
		{FC5CB934-F3C5-713D-D6D6-BA1734902522}.Debug|Any CPU.Build.0 = Debug|Any CPU
		{FC5CB934-F3C5-713D-D6D6-BA1734902522}.Release|Any CPU.ActiveCfg = Release|Any CPU
		{FC5CB934-F3C5-713D-D6D6-BA1734902522}.Release|Any CPU.Build.0 = Release|Any CPU
		{A3B97BA7-D65D-FB56-F5FF-C8D52C5DEFC3}.Debug|Any CPU.ActiveCfg = Debug|Any CPU
		{A3B97BA7-D65D-FB56-F5FF-C8D52C5DEFC3}.Debug|Any CPU.Build.0 = Debug|Any CPU
		{A3B97BA7-D65D-FB56-F5FF-C8D52C5DEFC3}.Release|Any CPU.ActiveCfg = Release|Any CPU
		{A3B97BA7-D65D-FB56-F5FF-C8D52C5DEFC3}.Release|Any CPU.Build.0 = Release|Any CPU
		{EA17ECBA-D146-0E8E-AD5A-B13C1AF6D50A}.Debug|Any CPU.ActiveCfg = Debug|Any CPU
		{EA17ECBA-D146-0E8E-AD5A-B13C1AF6D50A}.Debug|Any CPU.Build.0 = Debug|Any CPU
		{EA17ECBA-D146-0E8E-AD5A-B13C1AF6D50A}.Release|Any CPU.ActiveCfg = Release|Any CPU
		{EA17ECBA-D146-0E8E-AD5A-B13C1AF6D50A}.Release|Any CPU.Build.0 = Release|Any CPU
		{F2159768-D133-D23F-E153-088606A3084E}.Debug|Any CPU.ActiveCfg = Debug|Any CPU
		{F2159768-D133-D23F-E153-088606A3084E}.Debug|Any CPU.Build.0 = Debug|Any CPU
		{F2159768-D133-D23F-E153-088606A3084E}.Release|Any CPU.ActiveCfg = Release|Any CPU
		{F2159768-D133-D23F-E153-088606A3084E}.Release|Any CPU.Build.0 = Release|Any CPU
		{E7242232-A254-0A5D-873B-E7C90C49B732}.Debug|Any CPU.ActiveCfg = Debug|Any CPU
		{E7242232-A254-0A5D-873B-E7C90C49B732}.Debug|Any CPU.Build.0 = Debug|Any CPU
		{E7242232-A254-0A5D-873B-E7C90C49B732}.Release|Any CPU.ActiveCfg = Release|Any CPU
		{E7242232-A254-0A5D-873B-E7C90C49B732}.Release|Any CPU.Build.0 = Release|Any CPU
		{3CE20807-5FC9-8F6B-C0AF-A07520E3EA27}.Debug|Any CPU.ActiveCfg = Debug|Any CPU
		{3CE20807-5FC9-8F6B-C0AF-A07520E3EA27}.Debug|Any CPU.Build.0 = Debug|Any CPU
		{3CE20807-5FC9-8F6B-C0AF-A07520E3EA27}.Release|Any CPU.ActiveCfg = Release|Any CPU
		{3CE20807-5FC9-8F6B-C0AF-A07520E3EA27}.Release|Any CPU.Build.0 = Release|Any CPU
		{051A0CAD-B425-C9C3-2A32-9AF4FCFCCA89}.Debug|Any CPU.ActiveCfg = Debug|Any CPU
		{051A0CAD-B425-C9C3-2A32-9AF4FCFCCA89}.Debug|Any CPU.Build.0 = Debug|Any CPU
		{051A0CAD-B425-C9C3-2A32-9AF4FCFCCA89}.Release|Any CPU.ActiveCfg = Release|Any CPU
		{051A0CAD-B425-C9C3-2A32-9AF4FCFCCA89}.Release|Any CPU.Build.0 = Release|Any CPU
		{3B34B6D2-6527-D8B7-9AC4-98E25EAFE647}.Debug|Any CPU.ActiveCfg = Debug|Any CPU
		{3B34B6D2-6527-D8B7-9AC4-98E25EAFE647}.Debug|Any CPU.Build.0 = Debug|Any CPU
		{3B34B6D2-6527-D8B7-9AC4-98E25EAFE647}.Release|Any CPU.ActiveCfg = Release|Any CPU
		{3B34B6D2-6527-D8B7-9AC4-98E25EAFE647}.Release|Any CPU.Build.0 = Release|Any CPU
		{3E0699B0-CDAC-B2F6-9102-AA69D2F3026B}.Debug|Any CPU.ActiveCfg = Debug|Any CPU
		{3E0699B0-CDAC-B2F6-9102-AA69D2F3026B}.Debug|Any CPU.Build.0 = Debug|Any CPU
		{3E0699B0-CDAC-B2F6-9102-AA69D2F3026B}.Release|Any CPU.ActiveCfg = Release|Any CPU
		{3E0699B0-CDAC-B2F6-9102-AA69D2F3026B}.Release|Any CPU.Build.0 = Release|Any CPU
		{5EB87898-3292-6E4B-5592-79E3F82C65FF}.Debug|Any CPU.ActiveCfg = Debug|Any CPU
		{5EB87898-3292-6E4B-5592-79E3F82C65FF}.Debug|Any CPU.Build.0 = Debug|Any CPU
		{5EB87898-3292-6E4B-5592-79E3F82C65FF}.Release|Any CPU.ActiveCfg = Release|Any CPU
		{5EB87898-3292-6E4B-5592-79E3F82C65FF}.Release|Any CPU.Build.0 = Release|Any CPU
		{2BD01B0C-BBBF-9FD4-B53E-3D1B1CC5F8B0}.Debug|Any CPU.ActiveCfg = Debug|Any CPU
		{2BD01B0C-BBBF-9FD4-B53E-3D1B1CC5F8B0}.Debug|Any CPU.Build.0 = Debug|Any CPU
		{2BD01B0C-BBBF-9FD4-B53E-3D1B1CC5F8B0}.Release|Any CPU.ActiveCfg = Release|Any CPU
		{2BD01B0C-BBBF-9FD4-B53E-3D1B1CC5F8B0}.Release|Any CPU.Build.0 = Release|Any CPU
		{8EFC4A03-C469-6E76-DA93-9ED99B7A7C98}.Debug|Any CPU.ActiveCfg = Debug|Any CPU
		{8EFC4A03-C469-6E76-DA93-9ED99B7A7C98}.Debug|Any CPU.Build.0 = Debug|Any CPU
		{8EFC4A03-C469-6E76-DA93-9ED99B7A7C98}.Release|Any CPU.ActiveCfg = Release|Any CPU
		{8EFC4A03-C469-6E76-DA93-9ED99B7A7C98}.Release|Any CPU.Build.0 = Release|Any CPU
		{68B71DAD-4D3C-AC72-2F9B-867F0BE0784F}.Debug|Any CPU.ActiveCfg = Debug|Any CPU
		{68B71DAD-4D3C-AC72-2F9B-867F0BE0784F}.Debug|Any CPU.Build.0 = Debug|Any CPU
		{68B71DAD-4D3C-AC72-2F9B-867F0BE0784F}.Release|Any CPU.ActiveCfg = Release|Any CPU
		{68B71DAD-4D3C-AC72-2F9B-867F0BE0784F}.Release|Any CPU.Build.0 = Release|Any CPU
		{319D74B0-4FDA-C5F7-E561-F314D686DA71}.Debug|Any CPU.ActiveCfg = Debug|Any CPU
		{319D74B0-4FDA-C5F7-E561-F314D686DA71}.Debug|Any CPU.Build.0 = Debug|Any CPU
		{319D74B0-4FDA-C5F7-E561-F314D686DA71}.Release|Any CPU.ActiveCfg = Release|Any CPU
		{319D74B0-4FDA-C5F7-E561-F314D686DA71}.Release|Any CPU.Build.0 = Release|Any CPU
		{BB7764B2-1F11-146C-7141-7699F0C71336}.Debug|Any CPU.ActiveCfg = Debug|Any CPU
		{BB7764B2-1F11-146C-7141-7699F0C71336}.Debug|Any CPU.Build.0 = Debug|Any CPU
		{BB7764B2-1F11-146C-7141-7699F0C71336}.Release|Any CPU.ActiveCfg = Release|Any CPU
		{BB7764B2-1F11-146C-7141-7699F0C71336}.Release|Any CPU.Build.0 = Release|Any CPU
		{4A7C13F8-2B21-3EBB-E95C-6487E05A4B78}.Debug|Any CPU.ActiveCfg = Debug|Any CPU
		{4A7C13F8-2B21-3EBB-E95C-6487E05A4B78}.Debug|Any CPU.Build.0 = Debug|Any CPU
		{4A7C13F8-2B21-3EBB-E95C-6487E05A4B78}.Release|Any CPU.ActiveCfg = Release|Any CPU
		{4A7C13F8-2B21-3EBB-E95C-6487E05A4B78}.Release|Any CPU.Build.0 = Release|Any CPU
		{597C32D4-D97E-C6E6-F2C1-712A9958A5DB}.Debug|Any CPU.ActiveCfg = Debug|Any CPU
		{597C32D4-D97E-C6E6-F2C1-712A9958A5DB}.Debug|Any CPU.Build.0 = Debug|Any CPU
		{597C32D4-D97E-C6E6-F2C1-712A9958A5DB}.Release|Any CPU.ActiveCfg = Release|Any CPU
		{597C32D4-D97E-C6E6-F2C1-712A9958A5DB}.Release|Any CPU.Build.0 = Release|Any CPU
=======
>>>>>>> 0380ca6ac4da8b7ac4de79fd74d238bd5e15aaa2
		{A41B7E9E-73C4-CF0F-C3AC-B86055967892}.Debug|Any CPU.ActiveCfg = Debug|Any CPU
		{A41B7E9E-73C4-CF0F-C3AC-B86055967892}.Debug|Any CPU.Build.0 = Debug|Any CPU
		{A41B7E9E-73C4-CF0F-C3AC-B86055967892}.Release|Any CPU.ActiveCfg = Release|Any CPU
		{A41B7E9E-73C4-CF0F-C3AC-B86055967892}.Release|Any CPU.Build.0 = Release|Any CPU
<<<<<<< HEAD
		{224A87F4-6ED0-A3F1-047A-78C52B2D5532}.Debug|Any CPU.ActiveCfg = Debug|Any CPU
		{224A87F4-6ED0-A3F1-047A-78C52B2D5532}.Debug|Any CPU.Build.0 = Debug|Any CPU
		{224A87F4-6ED0-A3F1-047A-78C52B2D5532}.Release|Any CPU.ActiveCfg = Release|Any CPU
		{224A87F4-6ED0-A3F1-047A-78C52B2D5532}.Release|Any CPU.Build.0 = Release|Any CPU
		{CC9712AA-0FFC-0ED8-745E-88B8C8A8E158}.Debug|Any CPU.ActiveCfg = Debug|Any CPU
		{CC9712AA-0FFC-0ED8-745E-88B8C8A8E158}.Debug|Any CPU.Build.0 = Debug|Any CPU
		{CC9712AA-0FFC-0ED8-745E-88B8C8A8E158}.Release|Any CPU.ActiveCfg = Release|Any CPU
		{CC9712AA-0FFC-0ED8-745E-88B8C8A8E158}.Release|Any CPU.Build.0 = Release|Any CPU
		{C19D9D14-C981-13C3-EA93-5C9505F2943D}.Debug|Any CPU.ActiveCfg = Debug|Any CPU
		{C19D9D14-C981-13C3-EA93-5C9505F2943D}.Debug|Any CPU.Build.0 = Debug|Any CPU
		{C19D9D14-C981-13C3-EA93-5C9505F2943D}.Release|Any CPU.ActiveCfg = Release|Any CPU
		{C19D9D14-C981-13C3-EA93-5C9505F2943D}.Release|Any CPU.Build.0 = Release|Any CPU
		{49BE19C1-65A0-64B3-DFFB-1DDD9D4FF1F1}.Debug|Any CPU.ActiveCfg = Debug|Any CPU
		{49BE19C1-65A0-64B3-DFFB-1DDD9D4FF1F1}.Debug|Any CPU.Build.0 = Debug|Any CPU
		{49BE19C1-65A0-64B3-DFFB-1DDD9D4FF1F1}.Release|Any CPU.ActiveCfg = Release|Any CPU
		{49BE19C1-65A0-64B3-DFFB-1DDD9D4FF1F1}.Release|Any CPU.Build.0 = Release|Any CPU
		{599F8E9E-62B9-D3FB-CC48-98EBF6822454}.Debug|Any CPU.ActiveCfg = Debug|Any CPU
		{599F8E9E-62B9-D3FB-CC48-98EBF6822454}.Debug|Any CPU.Build.0 = Debug|Any CPU
		{599F8E9E-62B9-D3FB-CC48-98EBF6822454}.Release|Any CPU.ActiveCfg = Release|Any CPU
		{599F8E9E-62B9-D3FB-CC48-98EBF6822454}.Release|Any CPU.Build.0 = Release|Any CPU
		{2BC6090A-B3E4-7D7F-5625-E0D33140E54B}.Debug|Any CPU.ActiveCfg = Debug|Any CPU
		{2BC6090A-B3E4-7D7F-5625-E0D33140E54B}.Debug|Any CPU.Build.0 = Debug|Any CPU
		{2BC6090A-B3E4-7D7F-5625-E0D33140E54B}.Release|Any CPU.ActiveCfg = Release|Any CPU
		{2BC6090A-B3E4-7D7F-5625-E0D33140E54B}.Release|Any CPU.Build.0 = Release|Any CPU
		{8D8F6233-DF30-47CD-81D2-32673371863E}.Debug|Any CPU.ActiveCfg = Debug|Any CPU
		{8D8F6233-DF30-47CD-81D2-32673371863E}.Debug|Any CPU.Build.0 = Debug|Any CPU
		{8D8F6233-DF30-47CD-81D2-32673371863E}.Release|Any CPU.ActiveCfg = Release|Any CPU
		{8D8F6233-DF30-47CD-81D2-32673371863E}.Release|Any CPU.Build.0 = Release|Any CPU
		{57E06733-9D07-F883-7BD2-E6649232133A}.Debug|Any CPU.ActiveCfg = Debug|Any CPU
		{57E06733-9D07-F883-7BD2-E6649232133A}.Debug|Any CPU.Build.0 = Debug|Any CPU
		{57E06733-9D07-F883-7BD2-E6649232133A}.Release|Any CPU.ActiveCfg = Release|Any CPU
		{57E06733-9D07-F883-7BD2-E6649232133A}.Release|Any CPU.Build.0 = Release|Any CPU
		{C8980B0F-6E1B-2CA7-BDA1-67D2DDDBD482}.Debug|Any CPU.ActiveCfg = Debug|Any CPU
		{C8980B0F-6E1B-2CA7-BDA1-67D2DDDBD482}.Debug|Any CPU.Build.0 = Debug|Any CPU
		{C8980B0F-6E1B-2CA7-BDA1-67D2DDDBD482}.Release|Any CPU.ActiveCfg = Release|Any CPU
		{C8980B0F-6E1B-2CA7-BDA1-67D2DDDBD482}.Release|Any CPU.Build.0 = Release|Any CPU
		{8F16C739-D02A-D9C6-F75A-1F65E99CC599}.Debug|Any CPU.ActiveCfg = Debug|Any CPU
		{8F16C739-D02A-D9C6-F75A-1F65E99CC599}.Debug|Any CPU.Build.0 = Debug|Any CPU
		{8F16C739-D02A-D9C6-F75A-1F65E99CC599}.Release|Any CPU.ActiveCfg = Release|Any CPU
		{8F16C739-D02A-D9C6-F75A-1F65E99CC599}.Release|Any CPU.Build.0 = Release|Any CPU
		{CDA0D268-36BD-C601-7E95-DCAA9BD04A21}.Debug|Any CPU.ActiveCfg = Debug|Any CPU
		{CDA0D268-36BD-C601-7E95-DCAA9BD04A21}.Debug|Any CPU.Build.0 = Debug|Any CPU
		{CDA0D268-36BD-C601-7E95-DCAA9BD04A21}.Release|Any CPU.ActiveCfg = Release|Any CPU
		{CDA0D268-36BD-C601-7E95-DCAA9BD04A21}.Release|Any CPU.Build.0 = Release|Any CPU
		{8D4B8357-797D-74C8-0043-5D901216785C}.Debug|Any CPU.ActiveCfg = Debug|Any CPU
		{8D4B8357-797D-74C8-0043-5D901216785C}.Debug|Any CPU.Build.0 = Debug|Any CPU
		{8D4B8357-797D-74C8-0043-5D901216785C}.Release|Any CPU.ActiveCfg = Release|Any CPU
		{8D4B8357-797D-74C8-0043-5D901216785C}.Release|Any CPU.Build.0 = Release|Any CPU
		{1001682E-1756-C3E9-1D5A-385FCB3F3516}.Debug|Any CPU.ActiveCfg = Debug|Any CPU
		{1001682E-1756-C3E9-1D5A-385FCB3F3516}.Debug|Any CPU.Build.0 = Debug|Any CPU
		{1001682E-1756-C3E9-1D5A-385FCB3F3516}.Release|Any CPU.ActiveCfg = Release|Any CPU
		{1001682E-1756-C3E9-1D5A-385FCB3F3516}.Release|Any CPU.Build.0 = Release|Any CPU
		{16DA1A33-34EB-5799-5CBF-FD92C38C15C7}.Debug|Any CPU.ActiveCfg = Debug|Any CPU
		{16DA1A33-34EB-5799-5CBF-FD92C38C15C7}.Debug|Any CPU.Build.0 = Debug|Any CPU
		{16DA1A33-34EB-5799-5CBF-FD92C38C15C7}.Release|Any CPU.ActiveCfg = Release|Any CPU
		{16DA1A33-34EB-5799-5CBF-FD92C38C15C7}.Release|Any CPU.Build.0 = Release|Any CPU
		{D01F08CB-ED7D-2A45-0AD2-B3002032DC20}.Debug|Any CPU.ActiveCfg = Debug|Any CPU
		{D01F08CB-ED7D-2A45-0AD2-B3002032DC20}.Debug|Any CPU.Build.0 = Debug|Any CPU
		{D01F08CB-ED7D-2A45-0AD2-B3002032DC20}.Release|Any CPU.ActiveCfg = Release|Any CPU
		{D01F08CB-ED7D-2A45-0AD2-B3002032DC20}.Release|Any CPU.Build.0 = Release|Any CPU
		{CB348910-4F7F-3829-60F9-30D259766789}.Debug|Any CPU.ActiveCfg = Debug|Any CPU
		{CB348910-4F7F-3829-60F9-30D259766789}.Debug|Any CPU.Build.0 = Debug|Any CPU
		{CB348910-4F7F-3829-60F9-30D259766789}.Release|Any CPU.ActiveCfg = Release|Any CPU
		{CB348910-4F7F-3829-60F9-30D259766789}.Release|Any CPU.Build.0 = Release|Any CPU
		{2C3DB9CF-9B16-1799-1DC2-CB0E28F4AF43}.Debug|Any CPU.ActiveCfg = Debug|Any CPU
		{2C3DB9CF-9B16-1799-1DC2-CB0E28F4AF43}.Debug|Any CPU.Build.0 = Debug|Any CPU
		{2C3DB9CF-9B16-1799-1DC2-CB0E28F4AF43}.Release|Any CPU.ActiveCfg = Release|Any CPU
		{2C3DB9CF-9B16-1799-1DC2-CB0E28F4AF43}.Release|Any CPU.Build.0 = Release|Any CPU
		{D8A12D3F-1BB4-F138-4275-0B0A5C971009}.Debug|Any CPU.ActiveCfg = Debug|Any CPU
		{D8A12D3F-1BB4-F138-4275-0B0A5C971009}.Debug|Any CPU.Build.0 = Debug|Any CPU
		{D8A12D3F-1BB4-F138-4275-0B0A5C971009}.Release|Any CPU.ActiveCfg = Release|Any CPU
		{D8A12D3F-1BB4-F138-4275-0B0A5C971009}.Release|Any CPU.Build.0 = Release|Any CPU
		{CE673D88-1719-22C0-1A1C-6462CFECE5CE}.Debug|Any CPU.ActiveCfg = Debug|Any CPU
		{CE673D88-1719-22C0-1A1C-6462CFECE5CE}.Debug|Any CPU.Build.0 = Debug|Any CPU
		{CE673D88-1719-22C0-1A1C-6462CFECE5CE}.Release|Any CPU.ActiveCfg = Release|Any CPU
		{CE673D88-1719-22C0-1A1C-6462CFECE5CE}.Release|Any CPU.Build.0 = Release|Any CPU
		{BB962780-A6C3-01DF-9B5C-6500A252292B}.Debug|Any CPU.ActiveCfg = Debug|Any CPU
		{BB962780-A6C3-01DF-9B5C-6500A252292B}.Debug|Any CPU.Build.0 = Debug|Any CPU
		{BB962780-A6C3-01DF-9B5C-6500A252292B}.Release|Any CPU.ActiveCfg = Release|Any CPU
		{BB962780-A6C3-01DF-9B5C-6500A252292B}.Release|Any CPU.Build.0 = Release|Any CPU
		{5C246415-D6CB-E9AF-FBD0-84496DA04FA2}.Debug|Any CPU.ActiveCfg = Debug|Any CPU
		{5C246415-D6CB-E9AF-FBD0-84496DA04FA2}.Debug|Any CPU.Build.0 = Debug|Any CPU
		{5C246415-D6CB-E9AF-FBD0-84496DA04FA2}.Release|Any CPU.ActiveCfg = Release|Any CPU
		{5C246415-D6CB-E9AF-FBD0-84496DA04FA2}.Release|Any CPU.Build.0 = Release|Any CPU
		{69A25DA6-25CD-3F79-2A9C-32A853DD42D7}.Debug|Any CPU.ActiveCfg = Debug|Any CPU
		{69A25DA6-25CD-3F79-2A9C-32A853DD42D7}.Debug|Any CPU.Build.0 = Debug|Any CPU
		{69A25DA6-25CD-3F79-2A9C-32A853DD42D7}.Release|Any CPU.ActiveCfg = Release|Any CPU
		{69A25DA6-25CD-3F79-2A9C-32A853DD42D7}.Release|Any CPU.Build.0 = Release|Any CPU
		{2A8859C7-D336-E9ED-E3C6-38F5AF22025C}.Debug|Any CPU.ActiveCfg = Debug|Any CPU
		{2A8859C7-D336-E9ED-E3C6-38F5AF22025C}.Debug|Any CPU.Build.0 = Debug|Any CPU
		{2A8859C7-D336-E9ED-E3C6-38F5AF22025C}.Release|Any CPU.ActiveCfg = Release|Any CPU
		{2A8859C7-D336-E9ED-E3C6-38F5AF22025C}.Release|Any CPU.Build.0 = Release|Any CPU
		{91522362-6193-2B9A-044B-F72E284954CF}.Debug|Any CPU.ActiveCfg = Debug|Any CPU
		{91522362-6193-2B9A-044B-F72E284954CF}.Debug|Any CPU.Build.0 = Debug|Any CPU
		{91522362-6193-2B9A-044B-F72E284954CF}.Release|Any CPU.ActiveCfg = Release|Any CPU
		{91522362-6193-2B9A-044B-F72E284954CF}.Release|Any CPU.Build.0 = Release|Any CPU
		{9094EC0B-110F-12B0-E60A-730FA0FF6DEB}.Debug|Any CPU.ActiveCfg = Debug|Any CPU
		{9094EC0B-110F-12B0-E60A-730FA0FF6DEB}.Debug|Any CPU.Build.0 = Debug|Any CPU
		{9094EC0B-110F-12B0-E60A-730FA0FF6DEB}.Release|Any CPU.ActiveCfg = Release|Any CPU
		{9094EC0B-110F-12B0-E60A-730FA0FF6DEB}.Release|Any CPU.Build.0 = Release|Any CPU
		{7AFFEAB0-FFC1-947B-8F8B-C0A40FBB1400}.Debug|Any CPU.ActiveCfg = Debug|Any CPU
		{7AFFEAB0-FFC1-947B-8F8B-C0A40FBB1400}.Debug|Any CPU.Build.0 = Debug|Any CPU
		{7AFFEAB0-FFC1-947B-8F8B-C0A40FBB1400}.Release|Any CPU.ActiveCfg = Release|Any CPU
		{7AFFEAB0-FFC1-947B-8F8B-C0A40FBB1400}.Release|Any CPU.Build.0 = Release|Any CPU
=======
>>>>>>> 0380ca6ac4da8b7ac4de79fd74d238bd5e15aaa2
	EndGlobalSection
	GlobalSection(SolutionProperties) = preSolution
		HideSolutionNode = FALSE
	EndGlobalSection
EndGlobal
